
Microsoft Visual Studio Solution File, Format Version 12.00
# Visual Studio Version 16
VisualStudioVersion = 16.0.30503.244
MinimumVisualStudioVersion = 10.0.40219.1
Project("{FAE04EC0-301F-11D3-BF4B-00C04F79EFBC}") = "Calculator", "Calculator\Calculator.csproj", "{A4176C8D-1B29-4C05-A5AB-20B7724FBF59}"
EndProject
Project("{FAE04EC0-301F-11D3-BF4B-00C04F79EFBC}") = "gui", "gui\gui.csproj", "{04DEF530-6A3F-434B-9924-14381C64F3B9}"
EndProject
Global
	GlobalSection(SolutionConfigurationPlatforms) = preSolution
		Debug|Any CPU = Debug|Any CPU
		Release|Any CPU = Release|Any CPU
	EndGlobalSection
	GlobalSection(ProjectConfigurationPlatforms) = postSolution
		{A4176C8D-1B29-4C05-A5AB-20B7724FBF59}.Debug|Any CPU.ActiveCfg = Debug|Any CPU
		{A4176C8D-1B29-4C05-A5AB-20B7724FBF59}.Debug|Any CPU.Build.0 = Debug|Any CPU
		{A4176C8D-1B29-4C05-A5AB-20B7724FBF59}.Release|Any CPU.ActiveCfg = Release|Any CPU
		{A4176C8D-1B29-4C05-A5AB-20B7724FBF59}.Release|Any CPU.Build.0 = Release|Any CPU
		{04DEF530-6A3F-434B-9924-14381C64F3B9}.Debug|Any CPU.ActiveCfg = Debug|Any CPU
		{04DEF530-6A3F-434B-9924-14381C64F3B9}.Debug|Any CPU.Build.0 = Debug|Any CPU
		{04DEF530-6A3F-434B-9924-14381C64F3B9}.Release|Any CPU.ActiveCfg = Release|Any CPU
		{04DEF530-6A3F-434B-9924-14381C64F3B9}.Release|Any CPU.Build.0 = Release|Any CPU
	EndGlobalSection
	GlobalSection(SolutionProperties) = preSolution
		HideSolutionNode = FALSE
	EndGlobalSection
	GlobalSection(ExtensibilityGlobals) = postSolution
		SolutionGuid = {E5F494C5-94F7-46C4-9CDF-B2A0D5D7E631}
	EndGlobalSection
EndGlobal
